
Microsoft Visual Studio Solution File, Format Version 12.00
# Visual Studio 2013
VisualStudioVersion = 12.0.30501.0
MinimumVisualStudioVersion = 10.0.40219.1
Project("{FAE04EC0-301F-11D3-BF4B-00C04F79EFBC}") = "memory_js_v2", "memory_js_v2\memory_js_v2.csproj", "{18DE5A43-D02F-4664-9F8D-F6A24BDAD558}"
EndProject
Global
	GlobalSection(SolutionConfigurationPlatforms) = preSolution
		Debug|Any CPU = Debug|Any CPU
		Release|Any CPU = Release|Any CPU
	EndGlobalSection
	GlobalSection(ProjectConfigurationPlatforms) = postSolution
		{18DE5A43-D02F-4664-9F8D-F6A24BDAD558}.Debug|Any CPU.ActiveCfg = Debug|Any CPU
		{18DE5A43-D02F-4664-9F8D-F6A24BDAD558}.Debug|Any CPU.Build.0 = Debug|Any CPU
		{18DE5A43-D02F-4664-9F8D-F6A24BDAD558}.Release|Any CPU.ActiveCfg = Release|Any CPU
		{18DE5A43-D02F-4664-9F8D-F6A24BDAD558}.Release|Any CPU.Build.0 = Release|Any CPU
	EndGlobalSection
	GlobalSection(SolutionProperties) = preSolution
		HideSolutionNode = FALSE
	EndGlobalSection
EndGlobal
